// !$*UTF8*$!
{
	archiveVersion = 1;
	classes = {
	};
	objectVersion = 46;
	objects = {

/* Begin PBXBuildFile section */
		970887A91B4D30D700EEBC3D /* PlayerController.swift in Sources */ = {isa = PBXBuildFile; fileRef = 970887A81B4D30D700EEBC3D /* PlayerController.swift */; };
		9732E0D51B5783A2005684A3 /* Argo.framework in Frameworks */ = {isa = PBXBuildFile; fileRef = 9732E0D41B5783A2005684A3 /* Argo.framework */; };
		9732E0D71B578419005684A3 /* Runes.framework in Frameworks */ = {isa = PBXBuildFile; fileRef = 9732E0D61B578419005684A3 /* Runes.framework */; };
		9732E0D81B5785F8005684A3 /* Runes.framework in CopyFiles */ = {isa = PBXBuildFile; fileRef = 9732E0D61B578419005684A3 /* Runes.framework */; settings = {ATTRIBUTES = (CodeSignOnCopy, RemoveHeadersOnCopy, ); }; };
		9732E0D91B5785FC005684A3 /* Argo.framework in CopyFiles */ = {isa = PBXBuildFile; fileRef = 9732E0D41B5783A2005684A3 /* Argo.framework */; settings = {ATTRIBUTES = (CodeSignOnCopy, RemoveHeadersOnCopy, ); }; };
		976762161B4F9B00001C34D5 /* HSV2RGB.cikl in Resources */ = {isa = PBXBuildFile; fileRef = 976762151B4F9B00001C34D5 /* HSV2RGB.cikl */; };
		976762181B4F9B49001C34D5 /* RGB2HSV.cikl in Resources */ = {isa = PBXBuildFile; fileRef = 976762171B4F9B49001C34D5 /* RGB2HSV.cikl */; };
		9767621A1B4F9B8C001C34D5 /* knExposure.cikl in Resources */ = {isa = PBXBuildFile; fileRef = 976762191B4F9B8C001C34D5 /* knExposure.cikl */; };
		9767621C1B4F9CC7001C34D5 /* CIKLHelper.swift in Sources */ = {isa = PBXBuildFile; fileRef = 9767621B1B4F9CC7001C34D5 /* CIKLHelper.swift */; };
		9767621E1B4FABD9001C34D5 /* knKeepColor.cikl in Resources */ = {isa = PBXBuildFile; fileRef = 9767621D1B4FABD9001C34D5 /* knKeepColor.cikl */; };
		976762201B4FC652001C34D5 /* HueSlider.swift in Sources */ = {isa = PBXBuildFile; fileRef = 9767621F1B4FC652001C34D5 /* HueSlider.swift */; };
		976762221B4FC8E3001C34D5 /* knHueImage.cikl in Resources */ = {isa = PBXBuildFile; fileRef = 976762211B4FC8E3001C34D5 /* knHueImage.cikl */; };
		97A8D4961B57BA4E007608AD /* JsonTest.swift in Sources */ = {isa = PBXBuildFile; fileRef = 97A8D4951B57BA4E007608AD /* JsonTest.swift */; };
		97A8D4981B57BBF6007608AD /* Curry.framework in Frameworks */ = {isa = PBXBuildFile; fileRef = 97A8D4971B57BBF6007608AD /* Curry.framework */; };
		97A8D4991B57BBFF007608AD /* Curry.framework in CopyFiles */ = {isa = PBXBuildFile; fileRef = 97A8D4971B57BBF6007608AD /* Curry.framework */; settings = {ATTRIBUTES = (CodeSignOnCopy, RemoveHeadersOnCopy, ); }; };
		97D4AAED1B536D4600B8AA78 /* laser.mp4 in Resources */ = {isa = PBXBuildFile; fileRef = 97D4AAEC1B536D4600B8AA78 /* laser.mp4 */; };
		97EAE72A1B4F772300E45146 /* CoreImageKernels.swift in Sources */ = {isa = PBXBuildFile; fileRef = 97EAE7291B4F772300E45146 /* CoreImageKernels.swift */; };
		97F16F1E1B4E162C0038236E /* mask.mp4 in Resources */ = {isa = PBXBuildFile; fileRef = 97F16F1C1B4E162C0038236E /* mask.mp4 */; };
		97F16F1F1B4E162C0038236E /* movie.mp4 in Resources */ = {isa = PBXBuildFile; fileRef = 97F16F1D1B4E162C0038236E /* movie.mp4 */; };
		97F16F231B4E40020038236E /* Comp 1_2.mp4 in Resources */ = {isa = PBXBuildFile; fileRef = 97F16F201B4E3F360038236E /* Comp 1_2.mp4 */; };
		97F16F241B4E40040038236E /* Comp 1_1.mp4 in Resources */ = {isa = PBXBuildFile; fileRef = 97F16F211B4E3F450038236E /* Comp 1_1.mp4 */; };
		97F16F251B4E40070038236E /* Comp 1.mp4 in Resources */ = {isa = PBXBuildFile; fileRef = 97F16F221B4E3F4A0038236E /* Comp 1.mp4 */; };
		97F6D6551B4CB8D20053BFFE /* AppDelegate.swift in Sources */ = {isa = PBXBuildFile; fileRef = 97F6D6541B4CB8D20053BFFE /* AppDelegate.swift */; };
		97F6D6571B4CB8D20053BFFE /* ViewController.swift in Sources */ = {isa = PBXBuildFile; fileRef = 97F6D6561B4CB8D20053BFFE /* ViewController.swift */; };
		97F6D65A1B4CB8D20053BFFE /* Main.storyboard in Resources */ = {isa = PBXBuildFile; fileRef = 97F6D6581B4CB8D20053BFFE /* Main.storyboard */; };
		97F6D65C1B4CB8D20053BFFE /* Images.xcassets in Resources */ = {isa = PBXBuildFile; fileRef = 97F6D65B1B4CB8D20053BFFE /* Images.xcassets */; };
		97F6D65F1B4CB8D20053BFFE /* LaunchScreen.xib in Resources */ = {isa = PBXBuildFile; fileRef = 97F6D65D1B4CB8D20053BFFE /* LaunchScreen.xib */; };
		97F6D66B1B4CB8D20053BFFE /* FilterTestTests.swift in Sources */ = {isa = PBXBuildFile; fileRef = 97F6D66A1B4CB8D20053BFFE /* FilterTestTests.swift */; };
		97F6D6751B4CB9030053BFFE /* Filter.swift in Sources */ = {isa = PBXBuildFile; fileRef = 97F6D6741B4CB9030053BFFE /* Filter.swift */; };
		97F6D6771B4CBC900053BFFE /* Swift1.2Ext.swift in Sources */ = {isa = PBXBuildFile; fileRef = 97F6D6761B4CBC900053BFFE /* Swift1.2Ext.swift */; };
		97F6D6791B4CBCDA0053BFFE /* FilterImpl.swift in Sources */ = {isa = PBXBuildFile; fileRef = 97F6D6781B4CBCDA0053BFFE /* FilterImpl.swift */; };
		97F6D67F1B4CE0A70053BFFE /* Box.framework in Frameworks */ = {isa = PBXBuildFile; fileRef = 97F6D67C1B4CE0A70053BFFE /* Box.framework */; };
		97F6D6801B4CE0A70053BFFE /* ReactiveCocoa.framework in Frameworks */ = {isa = PBXBuildFile; fileRef = 97F6D67D1B4CE0A70053BFFE /* ReactiveCocoa.framework */; };
		97F6D6811B4CE0A70053BFFE /* Result.framework in Frameworks */ = {isa = PBXBuildFile; fileRef = 97F6D67E1B4CE0A70053BFFE /* Result.framework */; };
		97F6D6841B4CE1080053BFFE /* Result.framework in CopyFiles */ = {isa = PBXBuildFile; fileRef = 97F6D67E1B4CE0A70053BFFE /* Result.framework */; settings = {ATTRIBUTES = (CodeSignOnCopy, RemoveHeadersOnCopy, ); }; };
		97F6D6851B4CE10B0053BFFE /* Box.framework in CopyFiles */ = {isa = PBXBuildFile; fileRef = 97F6D67C1B4CE0A70053BFFE /* Box.framework */; settings = {ATTRIBUTES = (CodeSignOnCopy, RemoveHeadersOnCopy, ); }; };
		97F6D6861B4CE10D0053BFFE /* ReactiveCocoa.framework in CopyFiles */ = {isa = PBXBuildFile; fileRef = 97F6D67D1B4CE0A70053BFFE /* ReactiveCocoa.framework */; settings = {ATTRIBUTES = (CodeSignOnCopy, RemoveHeadersOnCopy, ); }; };
		97F6D6881B4CE4BC0053BFFE /* Renderer.swift in Sources */ = {isa = PBXBuildFile; fileRef = 97F6D6871B4CE4BC0053BFFE /* Renderer.swift */; };
		97F6D68A1B4D023F0053BFFE /* RenderLayer.swift in Sources */ = {isa = PBXBuildFile; fileRef = 97F6D6891B4D023F0053BFFE /* RenderLayer.swift */; };
		97F6D68C1B4D25340053BFFE /* LayerController.swift in Sources */ = {isa = PBXBuildFile; fileRef = 97F6D68B1B4D25340053BFFE /* LayerController.swift */; };
/* End PBXBuildFile section */

/* Begin PBXContainerItemProxy section */
		97F6D6651B4CB8D20053BFFE /* PBXContainerItemProxy */ = {
			isa = PBXContainerItemProxy;
			containerPortal = 97F6D6471B4CB8D10053BFFE /* Project object */;
			proxyType = 1;
			remoteGlobalIDString = 97F6D64E1B4CB8D10053BFFE;
			remoteInfo = FilterTest;
		};
/* End PBXContainerItemProxy section */

/* Begin PBXCopyFilesBuildPhase section */
		97F6D6831B4CE1010053BFFE /* CopyFiles */ = {
			isa = PBXCopyFilesBuildPhase;
			buildActionMask = 2147483647;
			dstPath = "";
			dstSubfolderSpec = 10;
			files = (
				97A8D4991B57BBFF007608AD /* Curry.framework in CopyFiles */,
				9732E0D91B5785FC005684A3 /* Argo.framework in CopyFiles */,
				9732E0D81B5785F8005684A3 /* Runes.framework in CopyFiles */,
				97F6D6861B4CE10D0053BFFE /* ReactiveCocoa.framework in CopyFiles */,
				97F6D6851B4CE10B0053BFFE /* Box.framework in CopyFiles */,
				97F6D6841B4CE1080053BFFE /* Result.framework in CopyFiles */,
			);
			runOnlyForDeploymentPostprocessing = 0;
		};
/* End PBXCopyFilesBuildPhase section */

/* Begin PBXFileReference section */
		970887A81B4D30D700EEBC3D /* PlayerController.swift */ = {isa = PBXFileReference; fileEncoding = 4; lastKnownFileType = sourcecode.swift; path = PlayerController.swift; sourceTree = "<group>"; };
		9732E0D41B5783A2005684A3 /* Argo.framework */ = {isa = PBXFileReference; lastKnownFileType = wrapper.framework; name = Argo.framework; path = Carthage/Build/iOS/Argo.framework; sourceTree = "<group>"; };
		9732E0D61B578419005684A3 /* Runes.framework */ = {isa = PBXFileReference; lastKnownFileType = wrapper.framework; name = Runes.framework; path = Carthage/Build/iOS/Runes.framework; sourceTree = "<group>"; };
		976762151B4F9B00001C34D5 /* HSV2RGB.cikl */ = {isa = PBXFileReference; fileEncoding = 4; lastKnownFileType = text; path = HSV2RGB.cikl; sourceTree = "<group>"; };
		976762171B4F9B49001C34D5 /* RGB2HSV.cikl */ = {isa = PBXFileReference; fileEncoding = 4; lastKnownFileType = text; path = RGB2HSV.cikl; sourceTree = "<group>"; };
		976762191B4F9B8C001C34D5 /* knExposure.cikl */ = {isa = PBXFileReference; fileEncoding = 4; lastKnownFileType = text; path = knExposure.cikl; sourceTree = "<group>"; };
		9767621B1B4F9CC7001C34D5 /* CIKLHelper.swift */ = {isa = PBXFileReference; fileEncoding = 4; lastKnownFileType = sourcecode.swift; path = CIKLHelper.swift; sourceTree = "<group>"; };
		9767621D1B4FABD9001C34D5 /* knKeepColor.cikl */ = {isa = PBXFileReference; fileEncoding = 4; lastKnownFileType = text; path = knKeepColor.cikl; sourceTree = "<group>"; };
		9767621F1B4FC652001C34D5 /* HueSlider.swift */ = {isa = PBXFileReference; fileEncoding = 4; lastKnownFileType = sourcecode.swift; path = HueSlider.swift; sourceTree = "<group>"; };
		976762211B4FC8E3001C34D5 /* knHueImage.cikl */ = {isa = PBXFileReference; fileEncoding = 4; lastKnownFileType = text; path = knHueImage.cikl; sourceTree = "<group>"; };
		97A8D4951B57BA4E007608AD /* JsonTest.swift */ = {isa = PBXFileReference; fileEncoding = 4; lastKnownFileType = sourcecode.swift; path = JsonTest.swift; sourceTree = "<group>"; };
		97A8D4971B57BBF6007608AD /* Curry.framework */ = {isa = PBXFileReference; lastKnownFileType = wrapper.framework; name = Curry.framework; path = Carthage/Build/iOS/Curry.framework; sourceTree = "<group>"; };
		97D4AAEC1B536D4600B8AA78 /* laser.mp4 */ = {isa = PBXFileReference; lastKnownFileType = file; path = laser.mp4; sourceTree = "<group>"; };
		97EAE7291B4F772300E45146 /* CoreImageKernels.swift */ = {isa = PBXFileReference; fileEncoding = 4; lastKnownFileType = sourcecode.swift; path = CoreImageKernels.swift; sourceTree = "<group>"; };
		97F16F1C1B4E162C0038236E /* mask.mp4 */ = {isa = PBXFileReference; lastKnownFileType = file; path = mask.mp4; sourceTree = "<group>"; };
		97F16F1D1B4E162C0038236E /* movie.mp4 */ = {isa = PBXFileReference; lastKnownFileType = file; path = movie.mp4; sourceTree = "<group>"; };
		97F16F201B4E3F360038236E /* Comp 1_2.mp4 */ = {isa = PBXFileReference; lastKnownFileType = file; path = "Comp 1_2.mp4"; sourceTree = "<group>"; };
		97F16F211B4E3F450038236E /* Comp 1_1.mp4 */ = {isa = PBXFileReference; lastKnownFileType = file; path = "Comp 1_1.mp4"; sourceTree = "<group>"; };
		97F16F221B4E3F4A0038236E /* Comp 1.mp4 */ = {isa = PBXFileReference; lastKnownFileType = file; path = "Comp 1.mp4"; sourceTree = "<group>"; };
		97F6D64F1B4CB8D10053BFFE /* FilterTest.app */ = {isa = PBXFileReference; explicitFileType = wrapper.application; includeInIndex = 0; path = FilterTest.app; sourceTree = BUILT_PRODUCTS_DIR; };
		97F6D6531B4CB8D10053BFFE /* Info.plist */ = {isa = PBXFileReference; lastKnownFileType = text.plist.xml; path = Info.plist; sourceTree = "<group>"; };
		97F6D6541B4CB8D20053BFFE /* AppDelegate.swift */ = {isa = PBXFileReference; lastKnownFileType = sourcecode.swift; path = AppDelegate.swift; sourceTree = "<group>"; };
		97F6D6561B4CB8D20053BFFE /* ViewController.swift */ = {isa = PBXFileReference; lastKnownFileType = sourcecode.swift; path = ViewController.swift; sourceTree = "<group>"; };
		97F6D6591B4CB8D20053BFFE /* Base */ = {isa = PBXFileReference; lastKnownFileType = file.storyboard; name = Base; path = Base.lproj/Main.storyboard; sourceTree = "<group>"; };
		97F6D65B1B4CB8D20053BFFE /* Images.xcassets */ = {isa = PBXFileReference; lastKnownFileType = folder.assetcatalog; path = Images.xcassets; sourceTree = "<group>"; };
		97F6D65E1B4CB8D20053BFFE /* Base */ = {isa = PBXFileReference; lastKnownFileType = file.xib; name = Base; path = Base.lproj/LaunchScreen.xib; sourceTree = "<group>"; };
		97F6D6641B4CB8D20053BFFE /* FilterTestTests.xctest */ = {isa = PBXFileReference; explicitFileType = wrapper.cfbundle; includeInIndex = 0; path = FilterTestTests.xctest; sourceTree = BUILT_PRODUCTS_DIR; };
		97F6D6691B4CB8D20053BFFE /* Info.plist */ = {isa = PBXFileReference; lastKnownFileType = text.plist.xml; path = Info.plist; sourceTree = "<group>"; };
		97F6D66A1B4CB8D20053BFFE /* FilterTestTests.swift */ = {isa = PBXFileReference; lastKnownFileType = sourcecode.swift; path = FilterTestTests.swift; sourceTree = "<group>"; };
		97F6D6741B4CB9030053BFFE /* Filter.swift */ = {isa = PBXFileReference; fileEncoding = 4; lastKnownFileType = sourcecode.swift; path = Filter.swift; sourceTree = "<group>"; };
		97F6D6761B4CBC900053BFFE /* Swift1.2Ext.swift */ = {isa = PBXFileReference; fileEncoding = 4; lastKnownFileType = sourcecode.swift; path = Swift1.2Ext.swift; sourceTree = "<group>"; };
		97F6D6781B4CBCDA0053BFFE /* FilterImpl.swift */ = {isa = PBXFileReference; fileEncoding = 4; lastKnownFileType = sourcecode.swift; path = FilterImpl.swift; sourceTree = "<group>"; };
		97F6D67C1B4CE0A70053BFFE /* Box.framework */ = {isa = PBXFileReference; lastKnownFileType = wrapper.framework; name = Box.framework; path = Carthage/Build/iOS/Box.framework; sourceTree = "<group>"; };
		97F6D67D1B4CE0A70053BFFE /* ReactiveCocoa.framework */ = {isa = PBXFileReference; lastKnownFileType = wrapper.framework; name = ReactiveCocoa.framework; path = Carthage/Build/iOS/ReactiveCocoa.framework; sourceTree = "<group>"; };
		97F6D67E1B4CE0A70053BFFE /* Result.framework */ = {isa = PBXFileReference; lastKnownFileType = wrapper.framework; name = Result.framework; path = Carthage/Build/iOS/Result.framework; sourceTree = "<group>"; };
		97F6D6871B4CE4BC0053BFFE /* Renderer.swift */ = {isa = PBXFileReference; fileEncoding = 4; lastKnownFileType = sourcecode.swift; path = Renderer.swift; sourceTree = "<group>"; };
		97F6D6891B4D023F0053BFFE /* RenderLayer.swift */ = {isa = PBXFileReference; fileEncoding = 4; lastKnownFileType = sourcecode.swift; path = RenderLayer.swift; sourceTree = "<group>"; };
		97F6D68B1B4D25340053BFFE /* LayerController.swift */ = {isa = PBXFileReference; fileEncoding = 4; lastKnownFileType = sourcecode.swift; path = LayerController.swift; sourceTree = "<group>"; };
/* End PBXFileReference section */

/* Begin PBXFrameworksBuildPhase section */
		97F6D64C1B4CB8D10053BFFE /* Frameworks */ = {
			isa = PBXFrameworksBuildPhase;
			buildActionMask = 2147483647;
			files = (
				97F6D67F1B4CE0A70053BFFE /* Box.framework in Frameworks */,
				97F6D6801B4CE0A70053BFFE /* ReactiveCocoa.framework in Frameworks */,
				97A8D4981B57BBF6007608AD /* Curry.framework in Frameworks */,
				97F6D6811B4CE0A70053BFFE /* Result.framework in Frameworks */,
				9732E0D71B578419005684A3 /* Runes.framework in Frameworks */,
				9732E0D51B5783A2005684A3 /* Argo.framework in Frameworks */,
			);
			runOnlyForDeploymentPostprocessing = 0;
		};
		97F6D6611B4CB8D20053BFFE /* Frameworks */ = {
			isa = PBXFrameworksBuildPhase;
			buildActionMask = 2147483647;
			files = (
			);
			runOnlyForDeploymentPostprocessing = 0;
		};
/* End PBXFrameworksBuildPhase section */

/* Begin PBXGroup section */
		976762141B4F9AC8001C34D5 /* CIKL */ = {
			isa = PBXGroup;
			children = (
				976762151B4F9B00001C34D5 /* HSV2RGB.cikl */,
				9767621D1B4FABD9001C34D5 /* knKeepColor.cikl */,
				976762171B4F9B49001C34D5 /* RGB2HSV.cikl */,
				976762191B4F9B8C001C34D5 /* knExposure.cikl */,
				976762211B4FC8E3001C34D5 /* knHueImage.cikl */,
				9767621B1B4F9CC7001C34D5 /* CIKLHelper.swift */,
			);
			name = CIKL;
			sourceTree = "<group>";
		};
		97F6D6461B4CB8D10053BFFE = {
			isa = PBXGroup;
			children = (
				97D4AAEC1B536D4600B8AA78 /* laser.mp4 */,
				97F16F1C1B4E162C0038236E /* mask.mp4 */,
				97F16F1D1B4E162C0038236E /* movie.mp4 */,
				97F16F201B4E3F360038236E /* Comp 1_2.mp4 */,
				97F16F211B4E3F450038236E /* Comp 1_1.mp4 */,
				97F16F221B4E3F4A0038236E /* Comp 1.mp4 */,
				976762141B4F9AC8001C34D5 /* CIKL */,
				97F6D6821B4CE0BD0053BFFE /* Frameworks */,
				97F6D6511B4CB8D10053BFFE /* FilterTest */,
				97F6D6671B4CB8D20053BFFE /* FilterTestTests */,
				97F6D6501B4CB8D10053BFFE /* Products */,
			);
			sourceTree = "<group>";
		};
		97F6D6501B4CB8D10053BFFE /* Products */ = {
			isa = PBXGroup;
			children = (
				97F6D64F1B4CB8D10053BFFE /* FilterTest.app */,
				97F6D6641B4CB8D20053BFFE /* FilterTestTests.xctest */,
			);
			name = Products;
			sourceTree = "<group>";
		};
		97F6D6511B4CB8D10053BFFE /* FilterTest */ = {
			isa = PBXGroup;
			children = (
				97F6D6871B4CE4BC0053BFFE /* Renderer.swift */,
				97F6D6541B4CB8D20053BFFE /* AppDelegate.swift */,
				97F6D6561B4CB8D20053BFFE /* ViewController.swift */,
				97F6D6581B4CB8D20053BFFE /* Main.storyboard */,
				97F6D65B1B4CB8D20053BFFE /* Images.xcassets */,
				97F6D65D1B4CB8D20053BFFE /* LaunchScreen.xib */,
				97F6D6781B4CBCDA0053BFFE /* FilterImpl.swift */,
				97F6D6891B4D023F0053BFFE /* RenderLayer.swift */,
				97F6D6521B4CB8D10053BFFE /* Supporting Files */,
				97F6D6741B4CB9030053BFFE /* Filter.swift */,
				97F6D6761B4CBC900053BFFE /* Swift1.2Ext.swift */,
				97F6D68B1B4D25340053BFFE /* LayerController.swift */,
				970887A81B4D30D700EEBC3D /* PlayerController.swift */,
				97EAE7291B4F772300E45146 /* CoreImageKernels.swift */,
				9767621F1B4FC652001C34D5 /* HueSlider.swift */,
				97A8D4951B57BA4E007608AD /* JsonTest.swift */,
			);
			path = FilterTest;
			sourceTree = "<group>";
		};
		97F6D6521B4CB8D10053BFFE /* Supporting Files */ = {
			isa = PBXGroup;
			children = (
				97F6D6531B4CB8D10053BFFE /* Info.plist */,
			);
			name = "Supporting Files";
			sourceTree = "<group>";
		};
		97F6D6671B4CB8D20053BFFE /* FilterTestTests */ = {
			isa = PBXGroup;
			children = (
				97F6D66A1B4CB8D20053BFFE /* FilterTestTests.swift */,
				97F6D6681B4CB8D20053BFFE /* Supporting Files */,
			);
			path = FilterTestTests;
			sourceTree = "<group>";
		};
		97F6D6681B4CB8D20053BFFE /* Supporting Files */ = {
			isa = PBXGroup;
			children = (
				97F6D6691B4CB8D20053BFFE /* Info.plist */,
			);
			name = "Supporting Files";
			sourceTree = "<group>";
		};
		97F6D6821B4CE0BD0053BFFE /* Frameworks */ = {
			isa = PBXGroup;
			children = (
				97A8D4971B57BBF6007608AD /* Curry.framework */,
				9732E0D61B578419005684A3 /* Runes.framework */,
				9732E0D41B5783A2005684A3 /* Argo.framework */,
				97F6D67C1B4CE0A70053BFFE /* Box.framework */,
				97F6D67D1B4CE0A70053BFFE /* ReactiveCocoa.framework */,
				97F6D67E1B4CE0A70053BFFE /* Result.framework */,
			);
			name = Frameworks;
			sourceTree = "<group>";
		};
/* End PBXGroup section */

/* Begin PBXNativeTarget section */
		97F6D64E1B4CB8D10053BFFE /* FilterTest */ = {
			isa = PBXNativeTarget;
			buildConfigurationList = 97F6D66E1B4CB8D20053BFFE /* Build configuration list for PBXNativeTarget "FilterTest" */;
			buildPhases = (
				97F6D64B1B4CB8D10053BFFE /* Sources */,
				97F6D64C1B4CB8D10053BFFE /* Frameworks */,
				97F6D64D1B4CB8D10053BFFE /* Resources */,
				97F6D6831B4CE1010053BFFE /* CopyFiles */,
			);
			buildRules = (
			);
			dependencies = (
			);
			name = FilterTest;
			productName = FilterTest;
			productReference = 97F6D64F1B4CB8D10053BFFE /* FilterTest.app */;
			productType = "com.apple.product-type.application";
		};
		97F6D6631B4CB8D20053BFFE /* FilterTestTests */ = {
			isa = PBXNativeTarget;
			buildConfigurationList = 97F6D6711B4CB8D20053BFFE /* Build configuration list for PBXNativeTarget "FilterTestTests" */;
			buildPhases = (
				97F6D6601B4CB8D20053BFFE /* Sources */,
				97F6D6611B4CB8D20053BFFE /* Frameworks */,
				97F6D6621B4CB8D20053BFFE /* Resources */,
			);
			buildRules = (
			);
			dependencies = (
				97F6D6661B4CB8D20053BFFE /* PBXTargetDependency */,
			);
			name = FilterTestTests;
			productName = FilterTestTests;
			productReference = 97F6D6641B4CB8D20053BFFE /* FilterTestTests.xctest */;
			productType = "com.apple.product-type.bundle.unit-test";
		};
/* End PBXNativeTarget section */

/* Begin PBXProject section */
		97F6D6471B4CB8D10053BFFE /* Project object */ = {
			isa = PBXProject;
			attributes = {
				LastSwiftUpdateCheck = 0700;
				LastUpgradeCheck = 0630;
				ORGANIZATIONNAME = "Jia Jing";
				TargetAttributes = {
					97F6D64E1B4CB8D10053BFFE = {
						CreatedOnToolsVersion = 6.3.2;
						DevelopmentTeam = 9V5FP9EYX4;
					};
					97F6D6631B4CB8D20053BFFE = {
						CreatedOnToolsVersion = 6.3.2;
						TestTargetID = 97F6D64E1B4CB8D10053BFFE;
					};
				};
			};
			buildConfigurationList = 97F6D64A1B4CB8D10053BFFE /* Build configuration list for PBXProject "FilterTest" */;
			compatibilityVersion = "Xcode 3.2";
			developmentRegion = English;
			hasScannedForEncodings = 0;
			knownRegions = (
				en,
				Base,
			);
			mainGroup = 97F6D6461B4CB8D10053BFFE;
			productRefGroup = 97F6D6501B4CB8D10053BFFE /* Products */;
			projectDirPath = "";
			projectRoot = "";
			targets = (
				97F6D64E1B4CB8D10053BFFE /* FilterTest */,
				97F6D6631B4CB8D20053BFFE /* FilterTestTests */,
			);
		};
/* End PBXProject section */

/* Begin PBXResourcesBuildPhase section */
		97F6D64D1B4CB8D10053BFFE /* Resources */ = {
			isa = PBXResourcesBuildPhase;
			buildActionMask = 2147483647;
			files = (
				97F16F251B4E40070038236E /* Comp 1.mp4 in Resources */,
				97F16F241B4E40040038236E /* Comp 1_1.mp4 in Resources */,
				97D4AAED1B536D4600B8AA78 /* laser.mp4 in Resources */,
				97F16F231B4E40020038236E /* Comp 1_2.mp4 in Resources */,
				97F6D65A1B4CB8D20053BFFE /* Main.storyboard in Resources */,
				976762221B4FC8E3001C34D5 /* knHueImage.cikl in Resources */,
				97F6D65F1B4CB8D20053BFFE /* LaunchScreen.xib in Resources */,
				9767621E1B4FABD9001C34D5 /* knKeepColor.cikl in Resources */,
				97F16F1F1B4E162C0038236E /* movie.mp4 in Resources */,
				976762181B4F9B49001C34D5 /* RGB2HSV.cikl in Resources */,
				97F6D65C1B4CB8D20053BFFE /* Images.xcassets in Resources */,
				9767621A1B4F9B8C001C34D5 /* knExposure.cikl in Resources */,
				97F16F1E1B4E162C0038236E /* mask.mp4 in Resources */,
				976762161B4F9B00001C34D5 /* HSV2RGB.cikl in Resources */,
			);
			runOnlyForDeploymentPostprocessing = 0;
		};
		97F6D6621B4CB8D20053BFFE /* Resources */ = {
			isa = PBXResourcesBuildPhase;
			buildActionMask = 2147483647;
			files = (
			);
			runOnlyForDeploymentPostprocessing = 0;
		};
/* End PBXResourcesBuildPhase section */

/* Begin PBXSourcesBuildPhase section */
		97F6D64B1B4CB8D10053BFFE /* Sources */ = {
			isa = PBXSourcesBuildPhase;
			buildActionMask = 2147483647;
			files = (
				97F6D6791B4CBCDA0053BFFE /* FilterImpl.swift in Sources */,
				97F6D68C1B4D25340053BFFE /* LayerController.swift in Sources */,
				9767621C1B4F9CC7001C34D5 /* CIKLHelper.swift in Sources */,
				970887A91B4D30D700EEBC3D /* PlayerController.swift in Sources */,
				97EAE72A1B4F772300E45146 /* CoreImageKernels.swift in Sources */,
				97F6D6571B4CB8D20053BFFE /* ViewController.swift in Sources */,
				97F6D6751B4CB9030053BFFE /* Filter.swift in Sources */,
				97F6D6551B4CB8D20053BFFE /* AppDelegate.swift in Sources */,
				97F6D68A1B4D023F0053BFFE /* RenderLayer.swift in Sources */,
				97F6D6881B4CE4BC0053BFFE /* Renderer.swift in Sources */,
				97F6D6771B4CBC900053BFFE /* Swift1.2Ext.swift in Sources */,
				976762201B4FC652001C34D5 /* HueSlider.swift in Sources */,
				97A8D4961B57BA4E007608AD /* JsonTest.swift in Sources */,
			);
			runOnlyForDeploymentPostprocessing = 0;
		};
		97F6D6601B4CB8D20053BFFE /* Sources */ = {
			isa = PBXSourcesBuildPhase;
			buildActionMask = 2147483647;
			files = (
				97F6D66B1B4CB8D20053BFFE /* FilterTestTests.swift in Sources */,
			);
			runOnlyForDeploymentPostprocessing = 0;
		};
/* End PBXSourcesBuildPhase section */

/* Begin PBXTargetDependency section */
		97F6D6661B4CB8D20053BFFE /* PBXTargetDependency */ = {
			isa = PBXTargetDependency;
			target = 97F6D64E1B4CB8D10053BFFE /* FilterTest */;
			targetProxy = 97F6D6651B4CB8D20053BFFE /* PBXContainerItemProxy */;
		};
/* End PBXTargetDependency section */

/* Begin PBXVariantGroup section */
		97F6D6581B4CB8D20053BFFE /* Main.storyboard */ = {
			isa = PBXVariantGroup;
			children = (
				97F6D6591B4CB8D20053BFFE /* Base */,
			);
			name = Main.storyboard;
			sourceTree = "<group>";
		};
		97F6D65D1B4CB8D20053BFFE /* LaunchScreen.xib */ = {
			isa = PBXVariantGroup;
			children = (
				97F6D65E1B4CB8D20053BFFE /* Base */,
			);
			name = LaunchScreen.xib;
			sourceTree = "<group>";
		};
/* End PBXVariantGroup section */

/* Begin XCBuildConfiguration section */
		97F6D66C1B4CB8D20053BFFE /* Debug */ = {
			isa = XCBuildConfiguration;
			buildSettings = {
				ALWAYS_SEARCH_USER_PATHS = NO;
				CLANG_CXX_LANGUAGE_STANDARD = "gnu++0x";
				CLANG_CXX_LIBRARY = "libc++";
				CLANG_ENABLE_MODULES = YES;
				CLANG_ENABLE_OBJC_ARC = YES;
				CLANG_WARN_BOOL_CONVERSION = YES;
				CLANG_WARN_CONSTANT_CONVERSION = YES;
				CLANG_WARN_DIRECT_OBJC_ISA_USAGE = YES_ERROR;
				CLANG_WARN_EMPTY_BODY = YES;
				CLANG_WARN_ENUM_CONVERSION = YES;
				CLANG_WARN_INT_CONVERSION = YES;
				CLANG_WARN_OBJC_ROOT_CLASS = YES_ERROR;
				CLANG_WARN_UNREACHABLE_CODE = YES;
				CLANG_WARN__DUPLICATE_METHOD_MATCH = YES;
				"CODE_SIGN_IDENTITY[sdk=iphoneos*]" = "iPhone Developer";
				COPY_PHASE_STRIP = NO;
				DEBUG_INFORMATION_FORMAT = "dwarf-with-dsym";
				ENABLE_STRICT_OBJC_MSGSEND = YES;
				GCC_C_LANGUAGE_STANDARD = gnu99;
				GCC_DYNAMIC_NO_PIC = NO;
				GCC_NO_COMMON_BLOCKS = YES;
				GCC_OPTIMIZATION_LEVEL = 0;
				GCC_PREPROCESSOR_DEFINITIONS = (
					"DEBUG=1",
					"$(inherited)",
				);
				GCC_SYMBOLS_PRIVATE_EXTERN = NO;
				GCC_WARN_64_TO_32_BIT_CONVERSION = YES;
				GCC_WARN_ABOUT_RETURN_TYPE = YES_ERROR;
				GCC_WARN_UNDECLARED_SELECTOR = YES;
				GCC_WARN_UNINITIALIZED_AUTOS = YES_AGGRESSIVE;
				GCC_WARN_UNUSED_FUNCTION = YES;
				GCC_WARN_UNUSED_VARIABLE = YES;
				IPHONEOS_DEPLOYMENT_TARGET = 8.3;
				MTL_ENABLE_DEBUG_INFO = YES;
				ONLY_ACTIVE_ARCH = YES;
				SDKROOT = iphoneos;
				SWIFT_OPTIMIZATION_LEVEL = "-Onone";
				TARGETED_DEVICE_FAMILY = "1,2";
			};
			name = Debug;
		};
		97F6D66D1B4CB8D20053BFFE /* Release */ = {
			isa = XCBuildConfiguration;
			buildSettings = {
				ALWAYS_SEARCH_USER_PATHS = NO;
				CLANG_CXX_LANGUAGE_STANDARD = "gnu++0x";
				CLANG_CXX_LIBRARY = "libc++";
				CLANG_ENABLE_MODULES = YES;
				CLANG_ENABLE_OBJC_ARC = YES;
				CLANG_WARN_BOOL_CONVERSION = YES;
				CLANG_WARN_CONSTANT_CONVERSION = YES;
				CLANG_WARN_DIRECT_OBJC_ISA_USAGE = YES_ERROR;
				CLANG_WARN_EMPTY_BODY = YES;
				CLANG_WARN_ENUM_CONVERSION = YES;
				CLANG_WARN_INT_CONVERSION = YES;
				CLANG_WARN_OBJC_ROOT_CLASS = YES_ERROR;
				CLANG_WARN_UNREACHABLE_CODE = YES;
				CLANG_WARN__DUPLICATE_METHOD_MATCH = YES;
				"CODE_SIGN_IDENTITY[sdk=iphoneos*]" = "iPhone Developer";
				COPY_PHASE_STRIP = NO;
				DEBUG_INFORMATION_FORMAT = "dwarf-with-dsym";
				ENABLE_NS_ASSERTIONS = NO;
				ENABLE_STRICT_OBJC_MSGSEND = YES;
				GCC_C_LANGUAGE_STANDARD = gnu99;
				GCC_NO_COMMON_BLOCKS = YES;
				GCC_WARN_64_TO_32_BIT_CONVERSION = YES;
				GCC_WARN_ABOUT_RETURN_TYPE = YES_ERROR;
				GCC_WARN_UNDECLARED_SELECTOR = YES;
				GCC_WARN_UNINITIALIZED_AUTOS = YES_AGGRESSIVE;
				GCC_WARN_UNUSED_FUNCTION = YES;
				GCC_WARN_UNUSED_VARIABLE = YES;
				IPHONEOS_DEPLOYMENT_TARGET = 8.3;
				MTL_ENABLE_DEBUG_INFO = NO;
				SDKROOT = iphoneos;
				TARGETED_DEVICE_FAMILY = "1,2";
				VALIDATE_PRODUCT = YES;
			};
			name = Release;
		};
		97F6D66F1B4CB8D20053BFFE /* Debug */ = {
			isa = XCBuildConfiguration;
			buildSettings = {
				ASSETCATALOG_COMPILER_APPICON_NAME = AppIcon;
				CODE_SIGN_IDENTITY = "iPhone Developer";
				FRAMEWORK_SEARCH_PATHS = (
					"$(inherited)",
					"$(PROJECT_DIR)/Carthage/Build/iOS",
				);
				INFOPLIST_FILE = FilterTest/Info.plist;
				LD_RUNPATH_SEARCH_PATHS = "$(inherited) @executable_path/Frameworks";
				PRODUCT_NAME = "$(TARGET_NAME)";
			};
			name = Debug;
		};
		97F6D6701B4CB8D20053BFFE /* Release */ = {
			isa = XCBuildConfiguration;
			buildSettings = {
				ASSETCATALOG_COMPILER_APPICON_NAME = AppIcon;
				CODE_SIGN_IDENTITY = "iPhone Developer";
				FRAMEWORK_SEARCH_PATHS = (
					"$(inherited)",
					"$(PROJECT_DIR)/Carthage/Build/iOS",
				);
				INFOPLIST_FILE = FilterTest/Info.plist;
				LD_RUNPATH_SEARCH_PATHS = "$(inherited) @executable_path/Frameworks";
				PRODUCT_NAME = "$(TARGET_NAME)";
			};
			name = Release;
		};
		97F6D6721B4CB8D20053BFFE /* Debug */ = {
			isa = XCBuildConfiguration;
			buildSettings = {
				BUNDLE_LOADER = "$(TEST_HOST)";
				FRAMEWORK_SEARCH_PATHS = (
					"$(SDKROOT)/Developer/Library/Frameworks",
					"$(inherited)",
				);
				GCC_PREPROCESSOR_DEFINITIONS = (
					"DEBUG=1",
					"$(inherited)",
				);
				INFOPLIST_FILE = FilterTestTests/Info.plist;
				LD_RUNPATH_SEARCH_PATHS = "$(inherited) @executable_path/Frameworks @loader_path/Frameworks";
				PRODUCT_NAME = "$(TARGET_NAME)";
				TEST_HOST = "$(BUILT_PRODUCTS_DIR)/FilterTest.app/FilterTest";
			};
			name = Debug;
		};
		97F6D6731B4CB8D20053BFFE /* Release */ = {
			isa = XCBuildConfiguration;
			buildSettings = {
				BUNDLE_LOADER = "$(TEST_HOST)";
				FRAMEWORK_SEARCH_PATHS = (
					"$(SDKROOT)/Developer/Library/Frameworks",
					"$(inherited)",
				);
				INFOPLIST_FILE = FilterTestTests/Info.plist;
				LD_RUNPATH_SEARCH_PATHS = "$(inherited) @executable_path/Frameworks @loader_path/Frameworks";
				PRODUCT_NAME = "$(TARGET_NAME)";
				TEST_HOST = "$(BUILT_PRODUCTS_DIR)/FilterTest.app/FilterTest";
			};
			name = Release;
		};
/* End XCBuildConfiguration section */

/* Begin XCConfigurationList section */
		97F6D64A1B4CB8D10053BFFE /* Build configuration list for PBXProject "FilterTest" */ = {
			isa = XCConfigurationList;
			buildConfigurations = (
				97F6D66C1B4CB8D20053BFFE /* Debug */,
				97F6D66D1B4CB8D20053BFFE /* Release */,
			);
			defaultConfigurationIsVisible = 0;
			defaultConfigurationName = Release;
		};
		97F6D66E1B4CB8D20053BFFE /* Build configuration list for PBXNativeTarget "FilterTest" */ = {
			isa = XCConfigurationList;
			buildConfigurations = (
				97F6D66F1B4CB8D20053BFFE /* Debug */,
				97F6D6701B4CB8D20053BFFE /* Release */,
			);
			defaultConfigurationIsVisible = 0;
			defaultConfigurationName = Release;
		};
		97F6D6711B4CB8D20053BFFE /* Build configuration list for PBXNativeTarget "FilterTestTests" */ = {
			isa = XCConfigurationList;
			buildConfigurations = (
				97F6D6721B4CB8D20053BFFE /* Debug */,
				97F6D6731B4CB8D20053BFFE /* Release */,
			);
			defaultConfigurationIsVisible = 0;
			defaultConfigurationName = Release;
		};
/* End XCConfigurationList section */
	};
	rootObject = 97F6D6471B4CB8D10053BFFE /* Project object */;
}
